
Microsoft Visual Studio Solution File, Format Version 12.00
# Visual Studio Version 16
VisualStudioVersion = 16.0.30413.136
MinimumVisualStudioVersion = 10.0.40219.1
Project("{8BC9CEB8-8B4A-11D0-8D11-00A0C91BC942}") = "EX13", "EX13\EX13.vcxproj", "{DCFAE99C-22BB-44D4-A347-1874791A9243}"
EndProject
Global
	GlobalSection(SolutionConfigurationPlatforms) = preSolution
		Debug|x64 = Debug|x64
		Debug|x86 = Debug|x86
		Release|x64 = Release|x64
		Release|x86 = Release|x86
	EndGlobalSection
	GlobalSection(ProjectConfigurationPlatforms) = postSolution
		{DCFAE99C-22BB-44D4-A347-1874791A9243}.Debug|x64.ActiveCfg = Debug|x64
		{DCFAE99C-22BB-44D4-A347-1874791A9243}.Debug|x64.Build.0 = Debug|x64
		{DCFAE99C-22BB-44D4-A347-1874791A9243}.Debug|x86.ActiveCfg = Debug|Win32
		{DCFAE99C-22BB-44D4-A347-1874791A9243}.Debug|x86.Build.0 = Debug|Win32
		{DCFAE99C-22BB-44D4-A347-1874791A9243}.Release|x64.ActiveCfg = Release|x64
		{DCFAE99C-22BB-44D4-A347-1874791A9243}.Release|x64.Build.0 = Release|x64
		{DCFAE99C-22BB-44D4-A347-1874791A9243}.Release|x86.ActiveCfg = Release|Win32
		{DCFAE99C-22BB-44D4-A347-1874791A9243}.Release|x86.Build.0 = Release|Win32
	EndGlobalSection
	GlobalSection(SolutionProperties) = preSolution
		HideSolutionNode = FALSE
	EndGlobalSection
	GlobalSection(ExtensibilityGlobals) = postSolution
		SolutionGuid = {A0F95B69-8D3C-49BB-A1A4-04191EAE0654}
	EndGlobalSection
EndGlobal
